
Microsoft Visual Studio Solution File, Format Version 12.00
# Visual Studio Version 16
VisualStudioVersion = 16.0.28729.10
MinimumVisualStudioVersion = 10.0.40219.1
Project("{FAE04EC0-301F-11D3-BF4B-00C04F79EFBC}") = "LoginProyecto", "LoginProyecto\LoginProyecto.csproj", "{8F9DC27D-9CF1-4BEE-B2D5-C8A114A3559C}"
EndProject
Global
	GlobalSection(SolutionConfigurationPlatforms) = preSolution
		Debug|Any CPU = Debug|Any CPU
		Release|Any CPU = Release|Any CPU
	EndGlobalSection
	GlobalSection(ProjectConfigurationPlatforms) = postSolution
		{8F9DC27D-9CF1-4BEE-B2D5-C8A114A3559C}.Debug|Any CPU.ActiveCfg = Debug|Any CPU
		{8F9DC27D-9CF1-4BEE-B2D5-C8A114A3559C}.Debug|Any CPU.Build.0 = Debug|Any CPU
		{8F9DC27D-9CF1-4BEE-B2D5-C8A114A3559C}.Release|Any CPU.ActiveCfg = Release|Any CPU
		{8F9DC27D-9CF1-4BEE-B2D5-C8A114A3559C}.Release|Any CPU.Build.0 = Release|Any CPU
	EndGlobalSection
	GlobalSection(SolutionProperties) = preSolution
		HideSolutionNode = FALSE
	EndGlobalSection
	GlobalSection(ExtensibilityGlobals) = postSolution
		SolutionGuid = {AD834FA4-D84A-4478-A5FA-57E39F46862B}
	EndGlobalSection
EndGlobal
